
Microsoft Visual Studio Solution File, Format Version 12.00
# Visual Studio Version 16
VisualStudioVersion = 16.0.30503.244
MinimumVisualStudioVersion = 10.0.40219.1
Project("{FAE04EC0-301F-11D3-BF4B-00C04F79EFBC}") = "Paraskun_02", "Paraskun_02.csproj", "{B3CFFDC2-88CE-4905-A717-A6C479C561B0}"
EndProject
Global
	GlobalSection(SolutionConfigurationPlatforms) = preSolution
		Debug|Any CPU = Debug|Any CPU
		Release|Any CPU = Release|Any CPU
	EndGlobalSection
	GlobalSection(ProjectConfigurationPlatforms) = postSolution
		{B3CFFDC2-88CE-4905-A717-A6C479C561B0}.Debug|Any CPU.ActiveCfg = Debug|Any CPU
		{B3CFFDC2-88CE-4905-A717-A6C479C561B0}.Debug|Any CPU.Build.0 = Debug|Any CPU
		{B3CFFDC2-88CE-4905-A717-A6C479C561B0}.Release|Any CPU.ActiveCfg = Release|Any CPU
		{B3CFFDC2-88CE-4905-A717-A6C479C561B0}.Release|Any CPU.Build.0 = Release|Any CPU
	EndGlobalSection
	GlobalSection(SolutionProperties) = preSolution
		HideSolutionNode = FALSE
	EndGlobalSection
	GlobalSection(ExtensibilityGlobals) = postSolution
		SolutionGuid = {84469C06-7DC3-4DAE-88E5-256FC0C2E16A}
	EndGlobalSection
EndGlobal
